// !$*UTF8*$!
{
	archiveVersion = 1;
	classes = {
	};
	objectVersion = 56;
	objects = {

/* Begin PBXBuildFile section */
		7C0FFEE20000000000000001 /* ProxyEngine.swift in Sources */ = {isa = PBXBuildFile; fileRef = 7C0FFEE20000000000000011 /* ProxyEngine.swift */; };
		7C0FFEE20000000000000002 /* HTTPProxyServer.swift in Sources */ = {isa = PBXBuildFile; fileRef = 7C0FFEE20000000000000012 /* HTTPProxyServer.swift */; };
		7C0FFEE20000000000000003 /* SOCKS5Server.swift in Sources */ = {isa = PBXBuildFile; fileRef = 7C0FFEE20000000000000013 /* SOCKS5Server.swift */; };
		7C0FFEE20000000000000004 /* RelayConnection.swift in Sources */ = {isa = PBXBuildFile; fileRef = 7C0FFEE20000000000000014 /* RelayConnection.swift */; };
		7C0FFEE30000000000000001 /* SystemProxyManager.swift in Sources */ = {isa = PBXBuildFile; fileRef = 7C0FFEE30000000000000011 /* SystemProxyManager.swift */; };
		7C0FFEE30000000000000003 /* OpenConnectLaunch.swift in Sources */ = {isa = PBXBuildFile; fileRef = 7C0FFEE30000000000000013 /* OpenConnectLaunch.swift */; };
		7C0FFEE30000000000000004 /* AppIdentity.swift in Sources */ = {isa = PBXBuildFile; fileRef = 7C0FFEE30000000000000014 /* AppIdentity.swift */; };
		7C0FFEE50000000000000001 /* DashboardView.swift in Sources */ = {isa = PBXBuildFile; fileRef = 7C0FFEE50000000000000011 /* DashboardView.swift */; };
		7C0FFEE50000000000000002 /* ProfilesView.swift in Sources */ = {isa = PBXBuildFile; fileRef = 7C0FFEE50000000000000012 /* ProfilesView.swift */; };
		7C0FFEE50000000000000003 /* RulesEditorView.swift in Sources */ = {isa = PBXBuildFile; fileRef = 7C0FFEE50000000000000013 /* RulesEditorView.swift */; };
		7C0FFEE50000000000000004 /* PolicyViews.swift in Sources */ = {isa = PBXBuildFile; fileRef = 7C0FFEE50000000000000014 /* PolicyViews.swift */; };
		7C0FFEE50000000000000005 /* RoutingView.swift in Sources */ = {isa = PBXBuildFile; fileRef = 7C0FFEE50000000000000015 /* RoutingView.swift */; };
		7C0FFEE50000000000000006 /* MainWindowLayout.swift in Sources */ = {isa = PBXBuildFile; fileRef = 7C0FFEE50000000000000016 /* MainWindowLayout.swift */; };
		7C0FFEE50000000000000007 /* RequestsCard.swift in Sources */ = {isa = PBXBuildFile; fileRef = 7C0FFEE50000000000000017 /* RequestsCard.swift */; };
		7C0FFEE20000000000000005 /* DisplayFormat.swift in Sources */ = {isa = PBXBuildFile; fileRef = 7C0FFEE20000000000000015 /* DisplayFormat.swift */; };
		7C0FFEE90000000000000001 /* RequestDetail.swift in Sources */ = {isa = PBXBuildFile; fileRef = 7C0FFEE90000000000000011 /* RequestDetail.swift */; };
		7C0FFEE90000000000000002 /* TLSClientHello.swift in Sources */ = {isa = PBXBuildFile; fileRef = 7C0FFEE90000000000000012 /* TLSClientHello.swift */; };
		7C0FFEE90000000000000003 /* RelayStreamObserver.swift in Sources */ = {isa = PBXBuildFile; fileRef = 7C0FFEE90000000000000013 /* RelayStreamObserver.swift */; };
		7C0FFEE20000000000000006 /* SettingsCatalog.swift in Sources */ = {isa = PBXBuildFile; fileRef = 7C0FFEE20000000000000016 /* SettingsCatalog.swift */; };
		7C0FFEE20000000000000007 /* SettingsDraft.swift in Sources */ = {isa = PBXBuildFile; fileRef = 7C0FFEE20000000000000017 /* SettingsDraft.swift */; };
		7C0FFEE20000000000000008 /* SettingsDesign.swift in Sources */ = {isa = PBXBuildFile; fileRef = 7C0FFEE20000000000000018 /* SettingsDesign.swift */; };
		7C0FFEE20000000000000009 /* AdvancedView.swift in Sources */ = {isa = PBXBuildFile; fileRef = 7C0FFEE20000000000000019 /* AdvancedView.swift */; };
		7C0FFEEA0000000000000001 /* SetupView.swift in Sources */ = {isa = PBXBuildFile; fileRef = 7C0FFEEA0000000000000011 /* SetupView.swift */; };
		7C0FFEEA0000000000000002 /* ToolSetupModel.swift in Sources */ = {isa = PBXBuildFile; fileRef = 7C0FFEEA0000000000000012 /* ToolSetupModel.swift */; };
		7C0FFEEA0000000000000003 /* ToolResolver.swift in Sources */ = {isa = PBXBuildFile; fileRef = 7C0FFEEA0000000000000013 /* ToolResolver.swift */; };
		7C0FFEEA0000000000000004 /* ToolProcess.swift in Sources */ = {isa = PBXBuildFile; fileRef = 7C0FFEEA0000000000000014 /* ToolProcess.swift */; };
		7C0FFEEA0000000000000005 /* ElevationPolicy.swift in Sources */ = {isa = PBXBuildFile; fileRef = 7C0FFEEA0000000000000015 /* ElevationPolicy.swift */; };
		7C0FFEEA0000000000000006 /* BoundedProcess.swift in Sources */ = {isa = PBXBuildFile; fileRef = 7C0FFEEA0000000000000016 /* BoundedProcess.swift */; };
		7C0FFEEA0000000000000007 /* ExistingConnection.swift in Sources */ = {isa = PBXBuildFile; fileRef = 7C0FFEEA0000000000000017 /* ExistingConnection.swift */; };
		7C0FFEEA0000000000000008 /* ProcessStartTime.swift in Sources */ = {isa = PBXBuildFile; fileRef = 7C0FFEEA0000000000000018 /* ProcessStartTime.swift */; };
		7C0FFEEA0000000000000009 /* LifecycleLog.swift in Sources */ = {isa = PBXBuildFile; fileRef = 7C0FFEEA0000000000000019 /* LifecycleLog.swift */; };
		7C0FFEEA000000000000000A /* UpdateFeed.swift in Sources */ = {isa = PBXBuildFile; fileRef = 7C0FFEEA000000000000001A /* UpdateFeed.swift */; };
		7C0FFEEA000000000000000D /* UpdateArtifact.swift in Sources */ = {isa = PBXBuildFile; fileRef = 7C0FFEEA000000000000001D /* UpdateArtifact.swift */; };
		7C0FFEEA000000000000000B /* UpdateModel.swift in Sources */ = {isa = PBXBuildFile; fileRef = 7C0FFEEA000000000000001B /* UpdateModel.swift */; };
		7C0FFEEA000000000000000C /* UpdatesView.swift in Sources */ = {isa = PBXBuildFile; fileRef = 7C0FFEEA000000000000001C /* UpdatesView.swift */; };
		7C0FFEE80000000000000001 /* RuleSet.swift in Sources */ = {isa = PBXBuildFile; fileRef = 7C0FFEE80000000000000011 /* RuleSet.swift */; };
		7C0FFEE80000000000000002 /* RuleSetStore.swift in Sources */ = {isa = PBXBuildFile; fileRef = 7C0FFEE80000000000000012 /* RuleSetStore.swift */; };
		7C0FFEE80000000000000003 /* RuleSetsView.swift in Sources */ = {isa = PBXBuildFile; fileRef = 7C0FFEE80000000000000013 /* RuleSetsView.swift */; };
		7C0FFEE30000000000000002 /* VPNRuleGenerator.swift in Sources */ = {isa = PBXBuildFile; fileRef = 7C0FFEE30000000000000012 /* VPNRuleGenerator.swift */; };
		1A2B3C7E1234567890ABCDEF /* EngineController.swift in Sources */ = {isa = PBXBuildFile; fileRef = 1A2B3C7F1234567890ABCDEF /* EngineController.swift */; };
		7C0FFEE10000000000000001 /* IPAddress.swift in Sources */ = {isa = PBXBuildFile; fileRef = 7C0FFEE10000000000000011 /* IPAddress.swift */; };
		7C0FFEE10000000000000002 /* DNSResolver.swift in Sources */ = {isa = PBXBuildFile; fileRef = 7C0FFEE10000000000000012 /* DNSResolver.swift */; };
		7C0FFEE10000000000000003 /* ProcessPeerResolver.swift in Sources */ = {isa = PBXBuildFile; fileRef = 7C0FFEE10000000000000013 /* ProcessPeerResolver.swift */; };
		7C0FFEE10000000000000004 /* RuleMatcher.swift in Sources */ = {isa = PBXBuildFile; fileRef = 7C0FFEE10000000000000014 /* RuleMatcher.swift */; };
		7C0FFEE10000000000000005 /* PACRuleConverter.swift in Sources */ = {isa = PBXBuildFile; fileRef = 7C0FFEE10000000000000015 /* PACRuleConverter.swift */; };
		7C0FFEE00000000000000005 /* TCPClient.swift in Sources */ = {isa = PBXBuildFile; fileRef = 7C0FFEE00000000000000015 /* TCPClient.swift */; };
		7C0FFEE00000000000000006 /* LatencyTester.swift in Sources */ = {isa = PBXBuildFile; fileRef = 7C0FFEE00000000000000016 /* LatencyTester.swift */; };
		7C0FFEE00000000000000007 /* PolicyStore.swift in Sources */ = {isa = PBXBuildFile; fileRef = 7C0FFEE00000000000000017 /* PolicyStore.swift */; };
		7C0FFEE00000000000000001 /* Profile.swift in Sources */ = {isa = PBXBuildFile; fileRef = 7C0FFEE00000000000000011 /* Profile.swift */; };
		7C0FFEE00000000000000002 /* ProfileParser.swift in Sources */ = {isa = PBXBuildFile; fileRef = 7C0FFEE00000000000000012 /* ProfileParser.swift */; };
		7C0FFEE00000000000000003 /* ProfileSerializer.swift in Sources */ = {isa = PBXBuildFile; fileRef = 7C0FFEE00000000000000013 /* ProfileSerializer.swift */; };
		7C0FFEE00000000000000004 /* ProfileManager.swift in Sources */ = {isa = PBXBuildFile; fileRef = 7C0FFEE00000000000000014 /* ProfileManager.swift */; };
		1A2B3C4D1234567890ABCDEF /* AppDelegate.swift in Sources */ = {isa = PBXBuildFile; fileRef = 1A2B3C4C1234567890ABCDEF /* AppDelegate.swift */; };
		1A2B3C511234567890ABCDEF /* Assets.xcassets in Resources */ = {isa = PBXBuildFile; fileRef = 1A2B3C501234567890ABCDEF /* Assets.xcassets */; };
		1A2B3C5F1234567890ABCDEF /* VPNManager.swift in Sources */ = {isa = PBXBuildFile; fileRef = 1A2B3C701234567890ABCDEF /* VPNManager.swift */; };
		1A2B3C611234567890ABCDEF /* SettingsManager.swift in Sources */ = {isa = PBXBuildFile; fileRef = 1A2B3C601234567890ABCDEF /* SettingsManager.swift */; };
		1A2B3C631234567890ABCDEF /* SettingsWindowController.swift in Sources */ = {isa = PBXBuildFile; fileRef = 1A2B3C621234567890ABCDEF /* SettingsWindowController.swift */; };
		1A2B3C691234567890ABCDEF /* MainView.swift in Sources */ = {isa = PBXBuildFile; fileRef = 1A2B3C681234567890ABCDEF /* MainView.swift */; };
		1A2B3C711234567890ABCDEF /* SettingsView.swift in Sources */ = {isa = PBXBuildFile; fileRef = 1A2B3C6A1234567890ABCDEF /* SettingsView.swift */; };
		1A2B3C721234567890ABCDEF /* main.swift in Sources */ = {isa = PBXBuildFile; fileRef = 1A2B3C6B1234567890ABCDEF /* main.swift */; };
		1A2B3C741234567890ABCDEF /* ToggleableSecureTextField.swift in Sources */ = {isa = PBXBuildFile; fileRef = 1A2B3C731234567890ABCDEF /* ToggleableSecureTextField.swift */; };
		1A2B3C761234567890ABCDEF /* KeychainHelper.swift in Sources */ = {isa = PBXBuildFile; fileRef = 1A2B3C751234567890ABCDEF /* KeychainHelper.swift */; };
/* End PBXBuildFile section */

/* Begin PBXFileReference section */
		7C0FFEE20000000000000011 /* ProxyEngine.swift */ = {isa = PBXFileReference; lastKnownFileType = sourcecode.swift; path = ProxyEngine.swift; sourceTree = "<group>"; };
		7C0FFEE20000000000000012 /* HTTPProxyServer.swift */ = {isa = PBXFileReference; lastKnownFileType = sourcecode.swift; path = HTTPProxyServer.swift; sourceTree = "<group>"; };
		7C0FFEE20000000000000013 /* SOCKS5Server.swift */ = {isa = PBXFileReference; lastKnownFileType = sourcecode.swift; path = SOCKS5Server.swift; sourceTree = "<group>"; };
		7C0FFEE20000000000000014 /* RelayConnection.swift */ = {isa = PBXFileReference; lastKnownFileType = sourcecode.swift; path = RelayConnection.swift; sourceTree = "<group>"; };
		7C0FFEE20000000000000015 /* DisplayFormat.swift */ = {isa = PBXFileReference; lastKnownFileType = sourcecode.swift; path = DisplayFormat.swift; sourceTree = "<group>"; };
		7C0FFEE90000000000000011 /* RequestDetail.swift */ = {isa = PBXFileReference; lastKnownFileType = sourcecode.swift; path = RequestDetail.swift; sourceTree = "<group>"; };
		7C0FFEE90000000000000012 /* TLSClientHello.swift */ = {isa = PBXFileReference; lastKnownFileType = sourcecode.swift; path = TLSClientHello.swift; sourceTree = "<group>"; };
		7C0FFEE90000000000000013 /* RelayStreamObserver.swift */ = {isa = PBXFileReference; lastKnownFileType = sourcecode.swift; path = RelayStreamObserver.swift; sourceTree = "<group>"; };
		7C0FFEE20000000000000016 /* SettingsCatalog.swift */ = {isa = PBXFileReference; lastKnownFileType = sourcecode.swift; path = SettingsCatalog.swift; sourceTree = "<group>"; };
		7C0FFEE20000000000000017 /* SettingsDraft.swift */ = {isa = PBXFileReference; lastKnownFileType = sourcecode.swift; path = SettingsDraft.swift; sourceTree = "<group>"; };
		7C0FFEE20000000000000018 /* SettingsDesign.swift */ = {isa = PBXFileReference; lastKnownFileType = sourcecode.swift; path = SettingsDesign.swift; sourceTree = "<group>"; };
		7C0FFEE20000000000000019 /* AdvancedView.swift */ = {isa = PBXFileReference; lastKnownFileType = sourcecode.swift; path = AdvancedView.swift; sourceTree = "<group>"; };
		7C0FFEEA0000000000000011 /* SetupView.swift */ = {isa = PBXFileReference; lastKnownFileType = sourcecode.swift; path = SetupView.swift; sourceTree = "<group>"; };
		7C0FFEEA0000000000000012 /* ToolSetupModel.swift */ = {isa = PBXFileReference; lastKnownFileType = sourcecode.swift; path = ToolSetupModel.swift; sourceTree = "<group>"; };
		7C0FFEEA0000000000000013 /* ToolResolver.swift */ = {isa = PBXFileReference; lastKnownFileType = sourcecode.swift; path = ToolResolver.swift; sourceTree = "<group>"; };
		7C0FFEEA0000000000000014 /* ToolProcess.swift */ = {isa = PBXFileReference; lastKnownFileType = sourcecode.swift; path = ToolProcess.swift; sourceTree = "<group>"; };
		7C0FFEEA0000000000000015 /* ElevationPolicy.swift */ = {isa = PBXFileReference; lastKnownFileType = sourcecode.swift; path = ElevationPolicy.swift; sourceTree = "<group>"; };
		7C0FFEEA0000000000000016 /* BoundedProcess.swift */ = {isa = PBXFileReference; lastKnownFileType = sourcecode.swift; path = BoundedProcess.swift; sourceTree = "<group>"; };
		7C0FFEEA0000000000000017 /* ExistingConnection.swift */ = {isa = PBXFileReference; lastKnownFileType = sourcecode.swift; path = ExistingConnection.swift; sourceTree = "<group>"; };
		7C0FFEEA0000000000000018 /* ProcessStartTime.swift */ = {isa = PBXFileReference; lastKnownFileType = sourcecode.swift; path = ProcessStartTime.swift; sourceTree = "<group>"; };
		7C0FFEEA0000000000000019 /* LifecycleLog.swift */ = {isa = PBXFileReference; lastKnownFileType = sourcecode.swift; path = LifecycleLog.swift; sourceTree = "<group>"; };
		7C0FFEEA000000000000001A /* UpdateFeed.swift */ = {isa = PBXFileReference; lastKnownFileType = sourcecode.swift; path = UpdateFeed.swift; sourceTree = "<group>"; };
		7C0FFEEA000000000000001D /* UpdateArtifact.swift */ = {isa = PBXFileReference; lastKnownFileType = sourcecode.swift; path = UpdateArtifact.swift; sourceTree = "<group>"; };
		7C0FFEEA000000000000001B /* UpdateModel.swift */ = {isa = PBXFileReference; lastKnownFileType = sourcecode.swift; path = UpdateModel.swift; sourceTree = "<group>"; };
		7C0FFEEA000000000000001C /* UpdatesView.swift */ = {isa = PBXFileReference; lastKnownFileType = sourcecode.swift; path = UpdatesView.swift; sourceTree = "<group>"; };
		7C0FFEE80000000000000011 /* RuleSet.swift */ = {isa = PBXFileReference; lastKnownFileType = sourcecode.swift; path = RuleSet.swift; sourceTree = "<group>"; };
		7C0FFEE80000000000000012 /* RuleSetStore.swift */ = {isa = PBXFileReference; lastKnownFileType = sourcecode.swift; path = RuleSetStore.swift; sourceTree = "<group>"; };
		7C0FFEE80000000000000013 /* RuleSetsView.swift */ = {isa = PBXFileReference; lastKnownFileType = sourcecode.swift; path = RuleSetsView.swift; sourceTree = "<group>"; };
		7C0FFEE30000000000000011 /* SystemProxyManager.swift */ = {isa = PBXFileReference; lastKnownFileType = sourcecode.swift; path = SystemProxyManager.swift; sourceTree = "<group>"; };
		7C0FFEE30000000000000013 /* OpenConnectLaunch.swift */ = {isa = PBXFileReference; lastKnownFileType = sourcecode.swift; path = OpenConnectLaunch.swift; sourceTree = "<group>"; };
		7C0FFEE30000000000000014 /* AppIdentity.swift */ = {isa = PBXFileReference; lastKnownFileType = sourcecode.swift; path = AppIdentity.swift; sourceTree = "<group>"; };
		7C0FFEE50000000000000011 /* DashboardView.swift */ = {isa = PBXFileReference; lastKnownFileType = sourcecode.swift; path = DashboardView.swift; sourceTree = "<group>"; };
		7C0FFEE50000000000000012 /* ProfilesView.swift */ = {isa = PBXFileReference; lastKnownFileType = sourcecode.swift; path = ProfilesView.swift; sourceTree = "<group>"; };
		7C0FFEE50000000000000013 /* RulesEditorView.swift */ = {isa = PBXFileReference; lastKnownFileType = sourcecode.swift; path = RulesEditorView.swift; sourceTree = "<group>"; };
		7C0FFEE50000000000000014 /* PolicyViews.swift */ = {isa = PBXFileReference; lastKnownFileType = sourcecode.swift; path = PolicyViews.swift; sourceTree = "<group>"; };
		7C0FFEE50000000000000015 /* RoutingView.swift */ = {isa = PBXFileReference; lastKnownFileType = sourcecode.swift; path = RoutingView.swift; sourceTree = "<group>"; };
		7C0FFEE50000000000000016 /* MainWindowLayout.swift */ = {isa = PBXFileReference; lastKnownFileType = sourcecode.swift; path = MainWindowLayout.swift; sourceTree = "<group>"; };
		7C0FFEE50000000000000017 /* RequestsCard.swift */ = {isa = PBXFileReference; lastKnownFileType = sourcecode.swift; path = RequestsCard.swift; sourceTree = "<group>"; };
		7C0FFEE30000000000000012 /* VPNRuleGenerator.swift */ = {isa = PBXFileReference; lastKnownFileType = sourcecode.swift; path = VPNRuleGenerator.swift; sourceTree = "<group>"; };
		1A2B3C7F1234567890ABCDEF /* EngineController.swift */ = {isa = PBXFileReference; lastKnownFileType = sourcecode.swift; path = EngineController.swift; sourceTree = "<group>"; };
		7C0FFEE10000000000000011 /* IPAddress.swift */ = {isa = PBXFileReference; lastKnownFileType = sourcecode.swift; path = IPAddress.swift; sourceTree = "<group>"; };
		7C0FFEE10000000000000012 /* DNSResolver.swift */ = {isa = PBXFileReference; lastKnownFileType = sourcecode.swift; path = DNSResolver.swift; sourceTree = "<group>"; };
		7C0FFEE10000000000000013 /* ProcessPeerResolver.swift */ = {isa = PBXFileReference; lastKnownFileType = sourcecode.swift; path = ProcessPeerResolver.swift; sourceTree = "<group>"; };
		7C0FFEE10000000000000014 /* RuleMatcher.swift */ = {isa = PBXFileReference; lastKnownFileType = sourcecode.swift; path = RuleMatcher.swift; sourceTree = "<group>"; };
		7C0FFEE10000000000000015 /* PACRuleConverter.swift */ = {isa = PBXFileReference; lastKnownFileType = sourcecode.swift; path = PACRuleConverter.swift; sourceTree = "<group>"; };
		7C0FFEE00000000000000015 /* TCPClient.swift */ = {isa = PBXFileReference; lastKnownFileType = sourcecode.swift; path = TCPClient.swift; sourceTree = "<group>"; };
		7C0FFEE00000000000000016 /* LatencyTester.swift */ = {isa = PBXFileReference; lastKnownFileType = sourcecode.swift; path = LatencyTester.swift; sourceTree = "<group>"; };
		7C0FFEE00000000000000017 /* PolicyStore.swift */ = {isa = PBXFileReference; lastKnownFileType = sourcecode.swift; path = PolicyStore.swift; sourceTree = "<group>"; };
		7C0FFEE00000000000000011 /* Profile.swift */ = {isa = PBXFileReference; lastKnownFileType = sourcecode.swift; path = Profile.swift; sourceTree = "<group>"; };
		7C0FFEE00000000000000012 /* ProfileParser.swift */ = {isa = PBXFileReference; lastKnownFileType = sourcecode.swift; path = ProfileParser.swift; sourceTree = "<group>"; };
		7C0FFEE00000000000000013 /* ProfileSerializer.swift */ = {isa = PBXFileReference; lastKnownFileType = sourcecode.swift; path = ProfileSerializer.swift; sourceTree = "<group>"; };
		7C0FFEE00000000000000014 /* ProfileManager.swift */ = {isa = PBXFileReference; lastKnownFileType = sourcecode.swift; path = ProfileManager.swift; sourceTree = "<group>"; };
		1A2B3C491234567890ABCDEF /* VPNConnect.app */ = {isa = PBXFileReference; explicitFileType = wrapper.application; includeInIndex = 0; path = VPNConnect.app; sourceTree = BUILT_PRODUCTS_DIR; };
		1A2B3C4C1234567890ABCDEF /* AppDelegate.swift */ = {isa = PBXFileReference; lastKnownFileType = sourcecode.swift; path = AppDelegate.swift; sourceTree = "<group>"; };
		1A2B3C501234567890ABCDEF /* Assets.xcassets */ = {isa = PBXFileReference; lastKnownFileType = folder.assetcatalog; path = Assets.xcassets; sourceTree = "<group>"; };
		1A2B3C551234567890ABCDEF /* Info.plist */ = {isa = PBXFileReference; lastKnownFileType = text.plist.xml; path = Info.plist; sourceTree = "<group>"; };
		1A2B3C561234567890ABCDEF /* VPNConnect.entitlements */ = {isa = PBXFileReference; lastKnownFileType = text.plist.entitlements; path = VPNConnect.entitlements; sourceTree = "<group>"; };
		1A2B3C601234567890ABCDEF /* SettingsManager.swift */ = {isa = PBXFileReference; lastKnownFileType = sourcecode.swift; path = SettingsManager.swift; sourceTree = "<group>"; };
		1A2B3C621234567890ABCDEF /* SettingsWindowController.swift */ = {isa = PBXFileReference; lastKnownFileType = sourcecode.swift; path = SettingsWindowController.swift; sourceTree = "<group>"; };
		1A2B3C681234567890ABCDEF /* MainView.swift */ = {isa = PBXFileReference; lastKnownFileType = sourcecode.swift; path = MainView.swift; sourceTree = "<group>"; };
		1A2B3C6A1234567890ABCDEF /* SettingsView.swift */ = {isa = PBXFileReference; lastKnownFileType = sourcecode.swift; path = SettingsView.swift; sourceTree = "<group>"; };
		1A2B3C6B1234567890ABCDEF /* main.swift */ = {isa = PBXFileReference; lastKnownFileType = sourcecode.swift; path = main.swift; sourceTree = "<group>"; };
		1A2B3C701234567890ABCDEF /* VPNManager.swift */ = {isa = PBXFileReference; lastKnownFileType = sourcecode.swift; path = VPNManager.swift; sourceTree = "<group>"; };
		1A2B3C731234567890ABCDEF /* ToggleableSecureTextField.swift */ = {isa = PBXFileReference; lastKnownFileType = sourcecode.swift; path = ToggleableSecureTextField.swift; sourceTree = "<group>"; };
		1A2B3C751234567890ABCDEF /* KeychainHelper.swift */ = {isa = PBXFileReference; lastKnownFileType = sourcecode.swift; path = KeychainHelper.swift; sourceTree = "<group>"; };
/* End PBXFileReference section */

/* Begin PBXFrameworksBuildPhase section */
		1A2B3C461234567890ABCDEF /* Frameworks */ = {
			isa = PBXFrameworksBuildPhase;
			buildActionMask = 2147483647;
			files = (
			);
			runOnlyForDeploymentPostprocessing = 0;
		};
/* End PBXFrameworksBuildPhase section */

/* Begin PBXGroup section */
		1A2B3C401234567890ABCDEF = {
			isa = PBXGroup;
			children = (
				1A2B3C4B1234567890ABCDEF /* VPNConnect */,
				1A2B3C4A1234567890ABCDEF /* Products */,
			);
			sourceTree = "<group>";
		};
		1A2B3C4A1234567890ABCDEF /* Products */ = {
			isa = PBXGroup;
			children = (
				1A2B3C491234567890ABCDEF /* VPNConnect.app */,
			);
			name = Products;
			sourceTree = "<group>";
		};
		1A2B3C4B1234567890ABCDEF /* VPNConnect */ = {
			isa = PBXGroup;
			children = (
				7C0FFEE00000000000000020 /* Profile */,
				7C0FFEE10000000000000020 /* Rules */,
				7C0FFEE20000000000000020 /* Engine */,
				7C0FFEE40000000000000020 /* System */,
				7C0FFEE60000000000000020 /* Views */,
				1A2B3C7F1234567890ABCDEF /* EngineController.swift */,
				1A2B3C4C1234567890ABCDEF /* AppDelegate.swift */,
				1A2B3C6B1234567890ABCDEF /* main.swift */,
				1A2B3C701234567890ABCDEF /* VPNManager.swift */,
				1A2B3C731234567890ABCDEF /* ToggleableSecureTextField.swift */,
				1A2B3C751234567890ABCDEF /* KeychainHelper.swift */,
				1A2B3C601234567890ABCDEF /* SettingsManager.swift */,
				1A2B3C621234567890ABCDEF /* SettingsWindowController.swift */,
				1A2B3C681234567890ABCDEF /* MainView.swift */,
				1A2B3C6A1234567890ABCDEF /* SettingsView.swift */,
				1A2B3C501234567890ABCDEF /* Assets.xcassets */,
				1A2B3C551234567890ABCDEF /* Info.plist */,
				1A2B3C561234567890ABCDEF /* VPNConnect.entitlements */,
			);
			path = VPNConnect;
			sourceTree = "<group>";
		};
		7C0FFEE00000000000000020 /* Profile */ = {
			isa = PBXGroup;
			children = (
				7C0FFEE00000000000000011 /* Profile.swift */,
				7C0FFEE00000000000000012 /* ProfileParser.swift */,
				7C0FFEE00000000000000013 /* ProfileSerializer.swift */,
				7C0FFEE00000000000000014 /* ProfileManager.swift */,
				7C0FFEE00000000000000015 /* TCPClient.swift */,
				7C0FFEE00000000000000016 /* LatencyTester.swift */,
				7C0FFEE00000000000000017 /* PolicyStore.swift */,
				7C0FFEE80000000000000011 /* RuleSet.swift */,
			);				path = Profile;
				sourceTree = "<group>";
			};
		7C0FFEE10000000000000020 /* Rules */ = {
			isa = PBXGroup;
			children = (
				7C0FFEE10000000000000011 /* IPAddress.swift */,
				7C0FFEE10000000000000012 /* DNSResolver.swift */,
				7C0FFEE10000000000000013 /* ProcessPeerResolver.swift */,
				7C0FFEE10000000000000014 /* RuleMatcher.swift */,
				7C0FFEE10000000000000015 /* PACRuleConverter.swift */,
				7C0FFEE80000000000000012 /* RuleSetStore.swift */,
			);
			path = Rules;
			sourceTree = "<group>";
		};
		7C0FFEE20000000000000020 /* Engine */ = {
			isa = PBXGroup;
			children = (
				7C0FFEE20000000000000011 /* ProxyEngine.swift */,
				7C0FFEE20000000000000012 /* HTTPProxyServer.swift */,
				7C0FFEE20000000000000013 /* SOCKS5Server.swift */,
				7C0FFEE20000000000000014 /* RelayConnection.swift */,
				7C0FFEE20000000000000015 /* DisplayFormat.swift */,
				7C0FFEE90000000000000011 /* RequestDetail.swift */,
				7C0FFEE90000000000000012 /* TLSClientHello.swift */,
				7C0FFEE90000000000000013 /* RelayStreamObserver.swift */,
			);
			path = Engine;
			sourceTree = "<group>";
		};
		7C0FFEE40000000000000020 /* System */ = {
			isa = PBXGroup;
			children = (
				7C0FFEE30000000000000011 /* SystemProxyManager.swift */,
				7C0FFEE30000000000000013 /* OpenConnectLaunch.swift */,
				7C0FFEE30000000000000014 /* AppIdentity.swift */,
				7C0FFEEA0000000000000013 /* ToolResolver.swift */,
				7C0FFEEA0000000000000014 /* ToolProcess.swift */,
				7C0FFEEA0000000000000015 /* ElevationPolicy.swift */,
				7C0FFEEA0000000000000016 /* BoundedProcess.swift */,
				7C0FFEEA0000000000000017 /* ExistingConnection.swift */,
				7C0FFEEA0000000000000018 /* ProcessStartTime.swift */,
				7C0FFEEA0000000000000019 /* LifecycleLog.swift */,
				7C0FFEEA000000000000001A /* UpdateFeed.swift */,
				7C0FFEEA000000000000001D /* UpdateArtifact.swift */,
				7C0FFEE30000000000000012 /* VPNRuleGenerator.swift */,
			);
			path = System;
			sourceTree = "<group>";
		};
		7C0FFEE60000000000000020 /* Views */ = {
			isa = PBXGroup;
			children = (
				7C0FFEE50000000000000011 /* DashboardView.swift */,
				7C0FFEE50000000000000012 /* ProfilesView.swift */,
				7C0FFEE50000000000000013 /* RulesEditorView.swift */,
				7C0FFEE50000000000000014 /* PolicyViews.swift */,
				7C0FFEE50000000000000015 /* RoutingView.swift */,
				7C0FFEE50000000000000016 /* MainWindowLayout.swift */,
				7C0FFEE50000000000000017 /* RequestsCard.swift */,
				7C0FFEE80000000000000013 /* RuleSetsView.swift */,
				7C0FFEE20000000000000016 /* SettingsCatalog.swift */,
				7C0FFEE20000000000000017 /* SettingsDraft.swift */,
				7C0FFEE20000000000000018 /* SettingsDesign.swift */,
				7C0FFEE20000000000000019 /* AdvancedView.swift */,
				7C0FFEEA0000000000000011 /* SetupView.swift */,
				7C0FFEEA0000000000000012 /* ToolSetupModel.swift */,
				7C0FFEEA000000000000001B /* UpdateModel.swift */,
				7C0FFEEA000000000000001C /* UpdatesView.swift */,
			);
			path = Views;
			sourceTree = "<group>";
		};
/* End PBXGroup section */

/* Begin PBXNativeTarget section */
		1A2B3C481234567890ABCDEF /* VPNConnect */ = {
			isa = PBXNativeTarget;
			buildConfigurationList = 1A2B3C5C1234567890ABCDEF /* Build configuration list for PBXNativeTarget "VPNConnect" */;
			buildPhases = (
				1A2B3C451234567890ABCDEF /* Sources */,
				1A2B3C461234567890ABCDEF /* Frameworks */,
				1A2B3C471234567890ABCDEF /* Resources */,
			);
			buildRules = (
			);
			dependencies = (
			);
			name = VPNConnect;
			productName = VPNConnect;
			productReference = 1A2B3C491234567890ABCDEF /* VPNConnect.app */;
			productType = "com.apple.product-type.application";
		};
/* End PBXNativeTarget section */

/* Begin PBXProject section */
		1A2B3C411234567890ABCDEF /* Project object */ = {
			isa = PBXProject;
			attributes = {
				BuildIndependentTargetsInParallel = 1;
				LastSwiftUpdateCheck = 1500;
				LastUpgradeCheck = 1500;
				TargetAttributes = {
					1A2B3C481234567890ABCDEF = {
						CreatedOnToolsVersion = 15.0;
					};
				};
			};
			buildConfigurationList = 1A2B3C441234567890ABCDEF /* Build configuration list for PBXProject "VPNConnect" */;
			compatibilityVersion = "Xcode 14.0";
			developmentRegion = en;
			hasScannedForEncodings = 0;
			knownRegions = (
				en,
				Base,
			);
			mainGroup = 1A2B3C401234567890ABCDEF;
			productRefGroup = 1A2B3C4A1234567890ABCDEF /* Products */;
			projectDirPath = "";
			projectRoot = "";
			targets = (
				1A2B3C481234567890ABCDEF /* VPNConnect */,
			);
		};
/* End PBXProject section */

/* Begin PBXResourcesBuildPhase section */
		1A2B3C471234567890ABCDEF /* Resources */ = {
			isa = PBXResourcesBuildPhase;
			buildActionMask = 2147483647;
			files = (
				1A2B3C511234567890ABCDEF /* Assets.xcassets in Resources */,
			);
			runOnlyForDeploymentPostprocessing = 0;
		};
/* End PBXResourcesBuildPhase section */

/* Begin PBXSourcesBuildPhase section */
		1A2B3C451234567890ABCDEF /* Sources */ = {
			isa = PBXSourcesBuildPhase;
			buildActionMask = 2147483647;
			files = (
				1A2B3C4D1234567890ABCDEF /* AppDelegate.swift in Sources */,
				1A2B3C5F1234567890ABCDEF /* VPNManager.swift in Sources */,
				1A2B3C611234567890ABCDEF /* SettingsManager.swift in Sources */,
				1A2B3C631234567890ABCDEF /* SettingsWindowController.swift in Sources */,
				1A2B3C691234567890ABCDEF /* MainView.swift in Sources */,
				1A2B3C711234567890ABCDEF /* SettingsView.swift in Sources */,
				1A2B3C721234567890ABCDEF /* main.swift in Sources */,
				1A2B3C741234567890ABCDEF /* ToggleableSecureTextField.swift in Sources */,
				1A2B3C761234567890ABCDEF /* KeychainHelper.swift in Sources */,
				7C0FFEE00000000000000001 /* Profile.swift in Sources */,
				7C0FFEE00000000000000002 /* ProfileParser.swift in Sources */,
				7C0FFEE00000000000000003 /* ProfileSerializer.swift in Sources */,
				7C0FFEE00000000000000004 /* ProfileManager.swift in Sources */,
				7C0FFEE00000000000000005 /* TCPClient.swift in Sources */,
				7C0FFEE00000000000000006 /* LatencyTester.swift in Sources */,
				7C0FFEE00000000000000007 /* PolicyStore.swift in Sources */,
				7C0FFEE10000000000000001 /* IPAddress.swift in Sources */,
				7C0FFEE10000000000000002 /* DNSResolver.swift in Sources */,
				7C0FFEE10000000000000003 /* ProcessPeerResolver.swift in Sources */,
				7C0FFEE10000000000000004 /* RuleMatcher.swift in Sources */,
				7C0FFEE10000000000000005 /* PACRuleConverter.swift in Sources */,
				7C0FFEE20000000000000001 /* ProxyEngine.swift in Sources */,
				7C0FFEE20000000000000002 /* HTTPProxyServer.swift in Sources */,
				7C0FFEE20000000000000003 /* SOCKS5Server.swift in Sources */,
				7C0FFEE20000000000000004 /* RelayConnection.swift in Sources */,
				7C0FFEE20000000000000005 /* DisplayFormat.swift in Sources */,
				7C0FFEE90000000000000001 /* RequestDetail.swift in Sources */,
				7C0FFEE90000000000000002 /* TLSClientHello.swift in Sources */,
				7C0FFEE90000000000000003 /* RelayStreamObserver.swift in Sources */,
				7C0FFEE20000000000000006 /* SettingsCatalog.swift in Sources */,
				7C0FFEE20000000000000007 /* SettingsDraft.swift in Sources */,
				7C0FFEE20000000000000008 /* SettingsDesign.swift in Sources */,
				7C0FFEE20000000000000009 /* AdvancedView.swift in Sources */,
				7C0FFEEA0000000000000001 /* SetupView.swift in Sources */,
				7C0FFEEA0000000000000002 /* ToolSetupModel.swift in Sources */,
				7C0FFEEA0000000000000003 /* ToolResolver.swift in Sources */,
				7C0FFEEA0000000000000004 /* ToolProcess.swift in Sources */,
				7C0FFEEA0000000000000005 /* ElevationPolicy.swift in Sources */,
				7C0FFEEA0000000000000006 /* BoundedProcess.swift in Sources */,
				7C0FFEEA0000000000000007 /* ExistingConnection.swift in Sources */,
				7C0FFEEA0000000000000008 /* ProcessStartTime.swift in Sources */,
				7C0FFEEA0000000000000009 /* LifecycleLog.swift in Sources */,
				7C0FFEEA000000000000000A /* UpdateFeed.swift in Sources */,
				7C0FFEEA000000000000000D /* UpdateArtifact.swift in Sources */,
				7C0FFEEA000000000000000B /* UpdateModel.swift in Sources */,
				7C0FFEEA000000000000000C /* UpdatesView.swift in Sources */,
				7C0FFEE30000000000000001 /* SystemProxyManager.swift in Sources */,
				7C0FFEE30000000000000003 /* OpenConnectLaunch.swift in Sources */,
				7C0FFEE30000000000000004 /* AppIdentity.swift in Sources */,
				7C0FFEE30000000000000002 /* VPNRuleGenerator.swift in Sources */,
				1A2B3C7E1234567890ABCDEF /* EngineController.swift in Sources */,
				7C0FFEE50000000000000001 /* DashboardView.swift in Sources */,
				7C0FFEE50000000000000002 /* ProfilesView.swift in Sources */,
				7C0FFEE50000000000000003 /* RulesEditorView.swift in Sources */,
				7C0FFEE50000000000000004 /* PolicyViews.swift in Sources */,
				7C0FFEE50000000000000005 /* RoutingView.swift in Sources */,
				7C0FFEE50000000000000006 /* MainWindowLayout.swift in Sources */,
				7C0FFEE50000000000000007 /* RequestsCard.swift in Sources */,
				7C0FFEE80000000000000001 /* RuleSet.swift in Sources */,
				7C0FFEE80000000000000002 /* RuleSetStore.swift in Sources */,
				7C0FFEE80000000000000003 /* RuleSetsView.swift in Sources */,
			);
			runOnlyForDeploymentPostprocessing = 0;
		};
/* End PBXSourcesBuildPhase section */



/* Begin XCBuildConfiguration section */
		1A2B3C5A1234567890ABCDEF /* Debug */ = {
			isa = XCBuildConfiguration;
			buildSettings = {
				ALWAYS_SEARCH_USER_PATHS = NO;
				ASSETCATALOG_COMPILER_GENERATE_SWIFT_ASSET_SYMBOL_EXTENSIONS = YES;
				CLANG_ANALYZER_NONNULL = YES;
				CLANG_ANALYZER_NUMBER_OBJECT_CONVERSION = YES_AGGRESSIVE;
				CLANG_CXX_LANGUAGE_STANDARD = "gnu++20";
				CLANG_ENABLE_MODULES = YES;
				CLANG_ENABLE_OBJC_ARC = YES;
				CLANG_ENABLE_OBJC_WEAK = YES;
				CLANG_WARN_BLOCK_CAPTURE_AUTORELEASING = YES;
				CLANG_WARN_BOOL_CONVERSION = YES;
				CLANG_WARN_COMMA = YES;
				CLANG_WARN_CONSTANT_CONVERSION = YES;
				CLANG_WARN_DEPRECATED_OBJC_IMPLEMENTATIONS = YES;
				CLANG_WARN_DIRECT_OBJC_ISA_USAGE = YES_ERROR;
				CLANG_WARN_DOCUMENTATION_COMMENTS = YES;
				CLANG_WARN_EMPTY_BODY = YES;
				CLANG_WARN_ENUM_CONVERSION = YES;
				CLANG_WARN_INFINITE_RECURSION = YES;
				CLANG_WARN_INT_CONVERSION = YES;
				CLANG_WARN_NON_LITERAL_NULL_CONVERSION = YES;
				CLANG_WARN_OBJC_IMPLICIT_RETAIN_SELF = YES;
				CLANG_WARN_OBJC_LITERAL_CONVERSION = YES;
				CLANG_WARN_OBJC_ROOT_CLASS = YES_ERROR;
				CLANG_WARN_QUOTED_INCLUDE_IN_FRAMEWORK_HEADER = YES;
				CLANG_WARN_RANGE_LOOP_ANALYSIS = YES;
				CLANG_WARN_STRICT_PROTOTYPES = YES;
				CLANG_WARN_SUSPICIOUS_MOVE = YES;
				CLANG_WARN_UNGUARDED_AVAILABILITY = YES_AGGRESSIVE;
				CLANG_WARN_UNREACHABLE_CODE = YES;
				CLANG_WARN__DUPLICATE_METHOD_MATCH = YES;
				COPY_PHASE_STRIP = NO;
				DEBUG_INFORMATION_FORMAT = dwarf;
				ENABLE_STRICT_OBJC_MSGSEND = YES;
				ENABLE_TESTABILITY = YES;
				ENABLE_USER_SCRIPT_SANDBOXING = YES;
				GCC_C_LANGUAGE_STANDARD = gnu17;
				GCC_DYNAMIC_NO_PIC = NO;
				GCC_NO_COMMON_BLOCKS = YES;
				GCC_OPTIMIZATION_LEVEL = 0;
				GCC_PREPROCESSOR_DEFINITIONS = (
					"DEBUG=1",
					"$(inherited)",
				);
				GCC_WARN_64_TO_32_BIT_CONVERSION = YES;
				GCC_WARN_ABOUT_RETURN_TYPE = YES_ERROR;
				GCC_WARN_UNDECLARED_SELECTOR = YES;
				GCC_WARN_UNINITIALIZED_AUTOS = YES_AGGRESSIVE;
				GCC_WARN_UNUSED_FUNCTION = YES;
				GCC_WARN_UNUSED_VARIABLE = YES;
				LOCALIZATION_PREFERS_STRING_CATALOGS = YES;
				MACOSX_DEPLOYMENT_TARGET = 14.0;
				MTL_ENABLE_DEBUG_INFO = INCLUDE_SOURCE;
				MTL_FAST_MATH = YES;
				ONLY_ACTIVE_ARCH = YES;
				SDKROOT = macosx;
				SWIFT_ACTIVE_COMPILATION_CONDITIONS = "DEBUG $(inherited)";
				SWIFT_OPTIMIZATION_LEVEL = "-Onone";
			};
			name = Debug;
		};
		1A2B3C5B1234567890ABCDEF /* Release */ = {
			isa = XCBuildConfiguration;
			buildSettings = {
				ALWAYS_SEARCH_USER_PATHS = NO;
				ASSETCATALOG_COMPILER_GENERATE_SWIFT_ASSET_SYMBOL_EXTENSIONS = YES;
				CLANG_ANALYZER_NONNULL = YES;
				CLANG_ANALYZER_NUMBER_OBJECT_CONVERSION = YES_AGGRESSIVE;
				CLANG_CXX_LANGUAGE_STANDARD = "gnu++20";
				CLANG_ENABLE_MODULES = YES;
				CLANG_ENABLE_OBJC_ARC = YES;
				CLANG_ENABLE_OBJC_WEAK = YES;
				CLANG_WARN_BLOCK_CAPTURE_AUTORELEASING = YES;
				CLANG_WARN_BOOL_CONVERSION = YES;
				CLANG_WARN_COMMA = YES;
				CLANG_WARN_CONSTANT_CONVERSION = YES;
				CLANG_WARN_DEPRECATED_OBJC_IMPLEMENTATIONS = YES;
				CLANG_WARN_DIRECT_OBJC_ISA_USAGE = YES_ERROR;
				CLANG_WARN_DOCUMENTATION_COMMENTS = YES;
				CLANG_WARN_EMPTY_BODY = YES;
				CLANG_WARN_ENUM_CONVERSION = YES;
				CLANG_WARN_INFINITE_RECURSION = YES;
				CLANG_WARN_INT_CONVERSION = YES;
				CLANG_WARN_NON_LITERAL_NULL_CONVERSION = YES;
				CLANG_WARN_OBJC_IMPLICIT_RETAIN_SELF = YES;
				CLANG_WARN_OBJC_LITERAL_CONVERSION = YES;
				CLANG_WARN_OBJC_ROOT_CLASS = YES_ERROR;
				CLANG_WARN_QUOTED_INCLUDE_IN_FRAMEWORK_HEADER = YES;
				CLANG_WARN_RANGE_LOOP_ANALYSIS = YES;
				CLANG_WARN_STRICT_PROTOTYPES = YES;
				CLANG_WARN_SUSPICIOUS_MOVE = YES;
				CLANG_WARN_UNGUARDED_AVAILABILITY = YES_AGGRESSIVE;
				CLANG_WARN_UNREACHABLE_CODE = YES;
				CLANG_WARN__DUPLICATE_METHOD_MATCH = YES;
				COPY_PHASE_STRIP = NO;
				DEBUG_INFORMATION_FORMAT = "dwarf-with-dsym";
				ENABLE_NS_ASSERTIONS = NO;
				ENABLE_STRICT_OBJC_MSGSEND = YES;
				ENABLE_USER_SCRIPT_SANDBOXING = YES;
				GCC_C_LANGUAGE_STANDARD = gnu17;
				GCC_NO_COMMON_BLOCKS = YES;
				GCC_WARN_64_TO_32_BIT_CONVERSION = YES;
				GCC_WARN_ABOUT_RETURN_TYPE = YES_ERROR;
				GCC_WARN_UNDECLARED_SELECTOR = YES;
				GCC_WARN_UNINITIALIZED_AUTOS = YES_AGGRESSIVE;
				GCC_WARN_UNUSED_FUNCTION = YES;
				GCC_WARN_UNUSED_VARIABLE = YES;
				LOCALIZATION_PREFERS_STRING_CATALOGS = YES;
				MACOSX_DEPLOYMENT_TARGET = 14.0;
				MTL_ENABLE_DEBUG_INFO = NO;
				MTL_FAST_MATH = YES;
				SDKROOT = macosx;
				SWIFT_COMPILATION_MODE = wholemodule;
			};
			name = Release;
		};
		1A2B3C5D1234567890ABCDEF /* Debug */ = {
			isa = XCBuildConfiguration;
			buildSettings = {
				ASSETCATALOG_COMPILER_APPICON_NAME = AppIcon;
				ASSETCATALOG_COMPILER_GLOBAL_ACCENT_COLOR_NAME = AccentColor;
				CODE_SIGNING_ALLOWED = YES;
				CODE_SIGN_ENTITLEMENTS = VPNConnect/VPNConnect.entitlements;
				CODE_SIGN_STYLE = Automatic;
				COMBINE_HIDPI_IMAGES = YES;
				CURRENT_PROJECT_VERSION = 9;
				DEVELOPMENT_TEAM = KT7QU923S8;
				ENABLE_HARDENED_RUNTIME = YES;
				ENABLE_USER_SCRIPT_SANDBOXING = NO;
				GENERATE_INFOPLIST_FILE = YES;
				INFOPLIST_FILE = VPNConnect/Info.plist;
				INFOPLIST_KEY_LSApplicationCategoryType = "public.app-category.utilities";
				INFOPLIST_KEY_NSHumanReadableCopyright = "";
				INFOPLIST_KEY_NSPrincipalClass = NSApplication;
				LD_RUNPATH_SEARCH_PATHS = (
					"$(inherited)",
					"@executable_path/../Frameworks",
				);
				MARKETING_VERSION = 2.0.0;
				PRODUCT_BUNDLE_IDENTIFIER = com.xvii.kurakura.vpn;
				PRODUCT_NAME = TurtleDiver;
				SWIFT_EMIT_LOC_STRINGS = YES;
				SWIFT_VERSION = 5.0;
			};
			name = Debug;
		};
		1A2B3C5E1234567890ABCDEF /* Release */ = {
			isa = XCBuildConfiguration;
			buildSettings = {
				ASSETCATALOG_COMPILER_APPICON_NAME = AppIcon;
				ASSETCATALOG_COMPILER_GLOBAL_ACCENT_COLOR_NAME = AccentColor;
				CODE_SIGNING_ALLOWED = YES;
				CODE_SIGN_ENTITLEMENTS = VPNConnect/VPNConnect.entitlements;
				CODE_SIGN_STYLE = Automatic;
				COMBINE_HIDPI_IMAGES = YES;
				CURRENT_PROJECT_VERSION = 9;
				DEVELOPMENT_TEAM = KT7QU923S8;
				ENABLE_HARDENED_RUNTIME = YES;
				ENABLE_USER_SCRIPT_SANDBOXING = NO;
				GENERATE_INFOPLIST_FILE = YES;
				INFOPLIST_FILE = VPNConnect/Info.plist;
				INFOPLIST_KEY_LSApplicationCategoryType = "public.app-category.utilities";
				INFOPLIST_KEY_NSHumanReadableCopyright = "";
				INFOPLIST_KEY_NSPrincipalClass = NSApplication;
				LD_RUNPATH_SEARCH_PATHS = (
					"$(inherited)",
					"@executable_path/../Frameworks",
				);
				MARKETING_VERSION = 2.0.0;
				PRODUCT_BUNDLE_IDENTIFIER = com.xvii.kurakura.vpn;
				PRODUCT_NAME = TurtleDiver;
				SWIFT_EMIT_LOC_STRINGS = YES;
				SWIFT_VERSION = 5.0;
			};
			name = Release;
		};
/* End XCBuildConfiguration section */

/* Begin XCConfigurationList section */
		1A2B3C441234567890ABCDEF /* Build configuration list for PBXProject "VPNConnect" */ = {
			isa = XCConfigurationList;
			buildConfigurations = (
				1A2B3C5A1234567890ABCDEF /* Debug */,
				1A2B3C5B1234567890ABCDEF /* Release */,
			);
			defaultConfigurationIsVisible = 0;
			defaultConfigurationName = Release;
		};
		1A2B3C5C1234567890ABCDEF /* Build configuration list for PBXNativeTarget "VPNConnect" */ = {
			isa = XCConfigurationList;
			buildConfigurations = (
				1A2B3C5D1234567890ABCDEF /* Debug */,
				1A2B3C5E1234567890ABCDEF /* Release */,
			);
			defaultConfigurationIsVisible = 0;
			defaultConfigurationName = Release;
		};
/* End XCConfigurationList section */
	};
	rootObject = 1A2B3C411234567890ABCDEF /* Project object */;
}
